
Microsoft Visual Studio Solution File, Format Version 12.00
# Visual Studio Version 16
VisualStudioVersion = 16.0.31515.178
MinimumVisualStudioVersion = 10.0.40219.1
Project("{9A19103F-16F7-4668-BE54-9A1E7A4F7556}") = "AwesomeBot", "AwesomeBot\AwesomeBot.csproj", "{4B7CF0D0-6C10-4DC2-A1B2-DA5BF8FBAF1E}"
EndProject
Project("{9A19103F-16F7-4668-BE54-9A1E7A4F7556}") = "Infrastructure", "Infrastructure\Infrastructure.csproj", "{837CC3F9-EC53-4BB6-B546-9C43E694D9EE}"
EndProject
Project("{2150E333-8FDC-42A3-9474-1A3956D46DE8}") = "Core", "Core", "{31DCDAA4-7BC7-4EE7-87C2-38A327D80C82}"
EndProject
Project("{2150E333-8FDC-42A3-9474-1A3956D46DE8}") = "App", "App", "{2A879576-DB79-4483-80BA-F942DFBDBD15}"
EndProject
Project("{2150E333-8FDC-42A3-9474-1A3956D46DE8}") = "Infrastructure", "Infrastructure", "{AEE7EA50-910C-492C-9965-1795613C1E31}"
EndProject
Project("{2150E333-8FDC-42A3-9474-1A3956D46DE8}") = "Backend", "Backend", "{0ABD661F-1A59-4D59-9DF5-DC1F1F0A8AB2}"
EndProject
Project("{FAE04EC0-301F-11D3-BF4B-00C04F79EFBC}") = "Core", "Core\Core.csproj", "{9E6B282C-227B-40DA-B366-9140C7E6EB71}"
EndProject
Project("{2150E333-8FDC-42A3-9474-1A3956D46DE8}") = "Entities", "Entities", "{FA84889B-97B1-4E33-94C9-CD1A3C24E2FE}"
EndProject
Global
	GlobalSection(SolutionConfigurationPlatforms) = preSolution
		Debug|Any CPU = Debug|Any CPU
		Release|Any CPU = Release|Any CPU
	EndGlobalSection
	GlobalSection(ProjectConfigurationPlatforms) = postSolution
		{4B7CF0D0-6C10-4DC2-A1B2-DA5BF8FBAF1E}.Debug|Any CPU.ActiveCfg = Debug|Any CPU
		{4B7CF0D0-6C10-4DC2-A1B2-DA5BF8FBAF1E}.Debug|Any CPU.Build.0 = Debug|Any CPU
		{4B7CF0D0-6C10-4DC2-A1B2-DA5BF8FBAF1E}.Release|Any CPU.ActiveCfg = Release|Any CPU
		{4B7CF0D0-6C10-4DC2-A1B2-DA5BF8FBAF1E}.Release|Any CPU.Build.0 = Release|Any CPU
		{837CC3F9-EC53-4BB6-B546-9C43E694D9EE}.Debug|Any CPU.ActiveCfg = Debug|Any CPU
		{837CC3F9-EC53-4BB6-B546-9C43E694D9EE}.Debug|Any CPU.Build.0 = Debug|Any CPU
		{837CC3F9-EC53-4BB6-B546-9C43E694D9EE}.Release|Any CPU.ActiveCfg = Release|Any CPU
		{837CC3F9-EC53-4BB6-B546-9C43E694D9EE}.Release|Any CPU.Build.0 = Release|Any CPU
		{9E6B282C-227B-40DA-B366-9140C7E6EB71}.Debug|Any CPU.ActiveCfg = Debug|Any CPU
		{9E6B282C-227B-40DA-B366-9140C7E6EB71}.Debug|Any CPU.Build.0 = Debug|Any CPU
		{9E6B282C-227B-40DA-B366-9140C7E6EB71}.Release|Any CPU.ActiveCfg = Release|Any CPU
		{9E6B282C-227B-40DA-B366-9140C7E6EB71}.Release|Any CPU.Build.0 = Release|Any CPU
	EndGlobalSection
	GlobalSection(SolutionProperties) = preSolution
		HideSolutionNode = FALSE
	EndGlobalSection
	GlobalSection(NestedProjects) = preSolution
		{4B7CF0D0-6C10-4DC2-A1B2-DA5BF8FBAF1E} = {2A879576-DB79-4483-80BA-F942DFBDBD15}
		{837CC3F9-EC53-4BB6-B546-9C43E694D9EE} = {AEE7EA50-910C-492C-9965-1795613C1E31}
		{31DCDAA4-7BC7-4EE7-87C2-38A327D80C82} = {0ABD661F-1A59-4D59-9DF5-DC1F1F0A8AB2}
		{2A879576-DB79-4483-80BA-F942DFBDBD15} = {0ABD661F-1A59-4D59-9DF5-DC1F1F0A8AB2}
		{AEE7EA50-910C-492C-9965-1795613C1E31} = {0ABD661F-1A59-4D59-9DF5-DC1F1F0A8AB2}
		{9E6B282C-227B-40DA-B366-9140C7E6EB71} = {FA84889B-97B1-4E33-94C9-CD1A3C24E2FE}
		{FA84889B-97B1-4E33-94C9-CD1A3C24E2FE} = {31DCDAA4-7BC7-4EE7-87C2-38A327D80C82}
	EndGlobalSection
	GlobalSection(ExtensibilityGlobals) = postSolution
		SolutionGuid = {E952B976-7D4F-4B46-BC99-5BCDEDAE7795}
	EndGlobalSection
EndGlobal
